{
    "_meta": {
        "hash": {
            "sha256": "1cae2eae9d23b688074516aa398903fb835d3a7484fb534f42d1b73a1bec9bf3"
        },
        "pipfile-spec": 6,
        "requires": {
            "python_version": "3.12"
        },
        "sources": [
            {
                "name": "pypi",
                "url": "https://pypi.org/simple",
                "verify_ssl": true
            }
        ]
    },
    "default": {},
    "develop": {}
}
